
Microsoft Visual Studio Solution File, Format Version 12.00
# Visual Studio 2013
VisualStudioVersion = 12.0.40629.0
MinimumVisualStudioVersion = 10.0.40219.1
Project("{FAE04EC0-301F-11D3-BF4B-00C04F79EFBC}") = "CountryInfo", "CountryInfo\CountryInfo.csproj", "{F38B35B7-3109-46F2-BA61-FBF9D5526888}"
EndProject
Project("{FAE04EC0-301F-11D3-BF4B-00C04F79EFBC}") = "CountriesProcessUnit", "CountriesProcessUnit\CountriesProcessUnit.csproj", "{E57181E2-2C3E-4F10-ACDE-74988C1A85CF}"
EndProject
Global
	GlobalSection(SolutionConfigurationPlatforms) = preSolution
		Debug|Any CPU = Debug|Any CPU
		Release|Any CPU = Release|Any CPU
	EndGlobalSection
	GlobalSection(ProjectConfigurationPlatforms) = postSolution
		{F38B35B7-3109-46F2-BA61-FBF9D5526888}.Debug|Any CPU.ActiveCfg = Debug|Any CPU
		{F38B35B7-3109-46F2-BA61-FBF9D5526888}.Debug|Any CPU.Build.0 = Debug|Any CPU
		{F38B35B7-3109-46F2-BA61-FBF9D5526888}.Release|Any CPU.ActiveCfg = Release|Any CPU
		{F38B35B7-3109-46F2-BA61-FBF9D5526888}.Release|Any CPU.Build.0 = Release|Any CPU
		{E57181E2-2C3E-4F10-ACDE-74988C1A85CF}.Debug|Any CPU.ActiveCfg = Debug|Any CPU
		{E57181E2-2C3E-4F10-ACDE-74988C1A85CF}.Debug|Any CPU.Build.0 = Debug|Any CPU
		{E57181E2-2C3E-4F10-ACDE-74988C1A85CF}.Release|Any CPU.ActiveCfg = Release|Any CPU
		{E57181E2-2C3E-4F10-ACDE-74988C1A85CF}.Release|Any CPU.Build.0 = Release|Any CPU
	EndGlobalSection
	GlobalSection(SolutionProperties) = preSolution
		HideSolutionNode = FALSE
	EndGlobalSection
EndGlobal
